// !$*UTF8*$!
{
	archiveVersion = 1;
	classes = {
	};
	objectVersion = 46;
	objects = {

/* Begin PBXBuildFile section */
		03C7FE991DD33B630026FEFF /* AppDelegate.swift in Sources */ = {isa = PBXBuildFile; fileRef = 03C7FE981DD33B630026FEFF /* AppDelegate.swift */; };
		03C7FE9B1DD33B630026FEFF /* ViewController.swift in Sources */ = {isa = PBXBuildFile; fileRef = 03C7FE9A1DD33B630026FEFF /* ViewController.swift */; };
		03C7FE9E1DD33B630026FEFF /* Main.storyboard in Resources */ = {isa = PBXBuildFile; fileRef = 03C7FE9C1DD33B630026FEFF /* Main.storyboard */; };
		03C7FEA01DD33B630026FEFF /* Assets.xcassets in Resources */ = {isa = PBXBuildFile; fileRef = 03C7FE9F1DD33B630026FEFF /* Assets.xcassets */; };
		03C7FEA31DD33B630026FEFF /* LaunchScreen.storyboard in Resources */ = {isa = PBXBuildFile; fileRef = 03C7FEA11DD33B630026FEFF /* LaunchScreen.storyboard */; };
/* End PBXBuildFile section */

/* Begin PBXFileReference section */
		03C7FE951DD33B630026FEFF /* IP Subnet Calculator.app */ = {isa = PBXFileReference; explicitFileType = wrapper.application; includeInIndex = 0; path = "IP Subnet Calculator.app"; sourceTree = BUILT_PRODUCTS_DIR; };
		03C7FE981DD33B630026FEFF /* AppDelegate.swift */ = {isa = PBXFileReference; lastKnownFileType = sourcecode.swift; path = AppDelegate.swift; sourceTree = "<group>"; };
		03C7FE9A1DD33B630026FEFF /* ViewController.swift */ = {isa = PBXFileReference; lastKnownFileType = sourcecode.swift; path = ViewController.swift; sourceTree = "<group>"; };
		03C7FE9D1DD33B630026FEFF /* Base */ = {isa = PBXFileReference; lastKnownFileType = file.storyboard; name = Base; path = Base.lproj/Main.storyboard; sourceTree = "<group>"; };
		03C7FE9F1DD33B630026FEFF /* Assets.xcassets */ = {isa = PBXFileReference; lastKnownFileType = folder.assetcatalog; path = Assets.xcassets; sourceTree = "<group>"; };
		03C7FEA21DD33B630026FEFF /* Base */ = {isa = PBXFileReference; lastKnownFileType = file.storyboard; name = Base; path = Base.lproj/LaunchScreen.storyboard; sourceTree = "<group>"; };
		03C7FEA41DD33B630026FEFF /* Info.plist */ = {isa = PBXFileReference; lastKnownFileType = text.plist.xml; path = Info.plist; sourceTree = "<group>"; };
/* End PBXFileReference section */

/* Begin PBXFrameworksBuildPhase section */
		03C7FE921DD33B630026FEFF /* Frameworks */ = {
			isa = PBXFrameworksBuildPhase;
			buildActionMask = 2147483647;
			files = (
			);
			runOnlyForDeploymentPostprocessing = 0;
		};
/* End PBXFrameworksBuildPhase section */

/* Begin PBXGroup section */
		03C7FE8C1DD33B630026FEFF = {
			isa = PBXGroup;
			children = (
				03C7FE971DD33B630026FEFF /* IP Subnet Calculator */,
				03C7FE961DD33B630026FEFF /* Products */,
			);
			sourceTree = "<group>";
		};
		03C7FE961DD33B630026FEFF /* Products */ = {
			isa = PBXGroup;
			children = (
				03C7FE951DD33B630026FEFF /* IP Subnet Calculator.app */,
			);
			name = Products;
			sourceTree = "<group>";
		};
		03C7FE971DD33B630026FEFF /* IP Subnet Calculator */ = {
			isa = PBXGroup;
			children = (
				03C7FE981DD33B630026FEFF /* AppDelegate.swift */,
				03C7FE9A1DD33B630026FEFF /* ViewController.swift */,
				03C7FE9C1DD33B630026FEFF /* Main.storyboard */,
				03C7FE9F1DD33B630026FEFF /* Assets.xcassets */,
				03C7FEA11DD33B630026FEFF /* LaunchScreen.storyboard */,
				03C7FEA41DD33B630026FEFF /* Info.plist */,
			);
			path = "IP Subnet Calculator";
			sourceTree = "<group>";
		};
/* End PBXGroup section */

/* Begin PBXNativeTarget section */
		03C7FE941DD33B630026FEFF /* IP Subnet Calculator */ = {
			isa = PBXNativeTarget;
			buildConfigurationList = 03C7FEA71DD33B630026FEFF /* Build configuration list for PBXNativeTarget "IP Subnet Calculator" */;
			buildPhases = (
				03C7FE911DD33B630026FEFF /* Sources */,
				03C7FE921DD33B630026FEFF /* Frameworks */,
				03C7FE931DD33B630026FEFF /* Resources */,
			);
			buildRules = (
			);
			dependencies = (
			);
			name = "IP Subnet Calculator";
			productName = "IP Subnet Calculator";
			productReference = 03C7FE951DD33B630026FEFF /* IP Subnet Calculator.app */;
			productType = "com.apple.product-type.application";
		};
/* End PBXNativeTarget section */

/* Begin PBXProject section */
		03C7FE8D1DD33B630026FEFF /* Project object */ = {
			isa = PBXProject;
			attributes = {
				LastSwiftUpdateCheck = 0810;
				LastUpgradeCheck = 0810;
				ORGANIZATIONNAME = "Erik Slovák";
				TargetAttributes = {
					03C7FE941DD33B630026FEFF = {
						CreatedOnToolsVersion = 8.1;
						DevelopmentTeam = LFLBMCNJUD;
						ProvisioningStyle = Automatic;
					};
				};
			};
			buildConfigurationList = 03C7FE901DD33B630026FEFF /* Build configuration list for PBXProject "IP Subnet Calculator" */;
			compatibilityVersion = "Xcode 3.2";
			developmentRegion = English;
			hasScannedForEncodings = 0;
			knownRegions = (
				en,
				Base,
			);
			mainGroup = 03C7FE8C1DD33B630026FEFF;
			productRefGroup = 03C7FE961DD33B630026FEFF /* Products */;
			projectDirPath = "";
			projectRoot = "";
			targets = (
				03C7FE941DD33B630026FEFF /* IP Subnet Calculator */,
			);
		};
/* End PBXProject section */

/* Begin PBXResourcesBuildPhase section */
		03C7FE931DD33B630026FEFF /* Resources */ = {
			isa = PBXResourcesBuildPhase;
			buildActionMask = 2147483647;
			files = (
				03C7FEA31DD33B630026FEFF /* LaunchScreen.storyboard in Resources */,
				03C7FEA01DD33B630026FEFF /* Assets.xcassets in Resources */,
				03C7FE9E1DD33B630026FEFF /* Main.storyboard in Resources */,
			);
			runOnlyForDeploymentPostprocessing = 0;
		};
/* End PBXResourcesBuildPhase section */

/* Begin PBXSourcesBuildPhase section */
		03C7FE911DD33B630026FEFF /* Sources */ = {
			isa = PBXSourcesBuildPhase;
			buildActionMask = 2147483647;
			files = (
				03C7FE9B1DD33B630026FEFF /* ViewController.swift in Sources */,
				03C7FE991DD33B630026FEFF /* AppDelegate.swift in Sources */,
			);
			runOnlyForDeploymentPostprocessing = 0;
		};
/* End PBXSourcesBuildPhase section */

/* Begin PBXVariantGroup section */
		03C7FE9C1DD33B630026FEFF /* Main.storyboard */ = {
			isa = PBXVariantGroup;
			children = (
				03C7FE9D1DD33B630026FEFF /* Base */,
			);
			name = Main.storyboard;
			sourceTree = "<group>";
		};
		03C7FEA11DD33B630026FEFF /* LaunchScreen.storyboard */ = {
			isa = PBXVariantGroup;
			children = (
				03C7FEA21DD33B630026FEFF /* Base */,
			);
			name = LaunchScreen.storyboard;
			sourceTree = "<group>";
		};
/* End PBXVariantGroup section */

/* Begin XCBuildConfiguration section */
		03C7FEA51DD33B630026FEFF /* Debug */ = {
			isa = XCBuildConfiguration;
			buildSettings = {
				ALWAYS_SEARCH_USER_PATHS = NO;
				CLANG_ANALYZER_NONNULL = YES;
				CLANG_CXX_LANGUAGE_STANDARD = "gnu++0x";
				CLANG_CXX_LIBRARY = "libc++";
				CLANG_ENABLE_MODULES = YES;
				CLANG_ENABLE_OBJC_ARC = YES;
				CLANG_WARN_BOOL_CONVERSION = YES;
				CLANG_WARN_CONSTANT_CONVERSION = YES;
				CLANG_WARN_DIRECT_OBJC_ISA_USAGE = YES_ERROR;
				CLANG_WARN_DOCUMENTATION_COMMENTS = YES;
				CLANG_WARN_EMPTY_BODY = YES;
				CLANG_WARN_ENUM_CONVERSION = YES;
				CLANG_WARN_INFINITE_RECURSION = YES;
				CLANG_WARN_INT_CONVERSION = YES;
				CLANG_WARN_OBJC_ROOT_CLASS = YES_ERROR;
				CLANG_WARN_SUSPICIOUS_MOVES = YES;
				CLANG_WARN_UNREACHABLE_CODE = YES;
				CLANG_WARN__DUPLICATE_METHOD_MATCH = YES;
				"CODE_SIGN_IDENTITY[sdk=iphoneos*]" = "iPhone Developer";
				COPY_PHASE_STRIP = NO;
				DEBUG_INFORMATION_FORMAT = dwarf;
				ENABLE_STRICT_OBJC_MSGSEND = YES;
				ENABLE_TESTABILITY = YES;
				GCC_C_LANGUAGE_STANDARD = gnu99;
				GCC_DYNAMIC_NO_PIC = NO;
				GCC_NO_COMMON_BLOCKS = YES;
				GCC_OPTIMIZATION_LEVEL = 0;
				GCC_PREPROCESSOR_DEFINITIONS = (
					"DEBUG=1",
					"$(inherited)",
				);
				GCC_WARN_64_TO_32_BIT_CONVERSION = YES;
				GCC_WARN_ABOUT_RETURN_TYPE = YES_ERROR;
				GCC_WARN_UNDECLARED_SELECTOR = YES;
				GCC_WARN_UNINITIALIZED_AUTOS = YES_AGGRESSIVE;
				GCC_WARN_UNUSED_FUNCTION = YES;
				GCC_WARN_UNUSED_VARIABLE = YES;
				IPHONEOS_DEPLOYMENT_TARGET = 10.1;
				MTL_ENABLE_DEBUG_INFO = YES;
				ONLY_ACTIVE_ARCH = YES;
				SDKROOT = iphoneos;
				SWIFT_ACTIVE_COMPILATION_CONDITIONS = DEBUG;
				SWIFT_OPTIMIZATION_LEVEL = "-Onone";
			};
			name = Debug;
		};
		03C7FEA61DD33B630026FEFF /* Release */ = {
			isa = XCBuildConfiguration;
			buildSettings = {
				ALWAYS_SEARCH_USER_PATHS = NO;
				CLANG_ANALYZER_NONNULL = YES;
				CLANG_CXX_LANGUAGE_STANDARD = "gnu++0x";
				CLANG_CXX_LIBRARY = "libc++";
				CLANG_ENABLE_MODULES = YES;
				CLANG_ENABLE_OBJC_ARC = YES;
				CLANG_WARN_BOOL_CONVERSION = YES;
				CLANG_WARN_CONSTANT_CONVERSION = YES;
				CLANG_WARN_DIRECT_OBJC_ISA_USAGE = YES_ERROR;
				CLANG_WARN_DOCUMENTATION_COMMENTS = YES;
				CLANG_WARN_EMPTY_BODY = YES;
				CLANG_WARN_ENUM_CONVERSION = YES;
				CLANG_WARN_INFINITE_RECURSION = YES;
				CLANG_WARN_INT_CONVERSION = YES;
				CLANG_WARN_OBJC_ROOT_CLASS = YES_ERROR;
				CLANG_WARN_SUSPICIOUS_MOVES = YES;
				CLANG_WARN_UNREACHABLE_CODE = YES;
				CLANG_WARN__DUPLICATE_METHOD_MATCH = YES;
				"CODE_SIGN_IDENTITY[sdk=iphoneos*]" = "iPhone Developer";
				COPY_PHASE_STRIP = NO;
				DEBUG_INFORMATION_FORMAT = "dwarf-with-dsym";
				ENABLE_NS_ASSERTIONS = NO;
				ENABLE_STRICT_OBJC_MSGSEND = YES;
				GCC_C_LANGUAGE_STANDARD = gnu99;
				GCC_NO_COMMON_BLOCKS = YES;
				GCC_WARN_64_TO_32_BIT_CONVERSION = YES;
				GCC_WARN_ABOUT_RETURN_TYPE = YES_ERROR;
				GCC_WARN_UNDECLARED_SELECTOR = YES;
				GCC_WARN_UNINITIALIZED_AUTOS = YES_AGGRESSIVE;
				GCC_WARN_UNUSED_FUNCTION = YES;
				GCC_WARN_UNUSED_VARIABLE = YES;
				IPHONEOS_DEPLOYMENT_TARGET = 10.1;
				MTL_ENABLE_DEBUG_INFO = NO;
				SDKROOT = iphoneos;
				SWIFT_OPTIMIZATION_LEVEL = "-Owholemodule";
				VALIDATE_PRODUCT = YES;
			};
			name = Release;
		};
		03C7FEA81DD33B630026FEFF /* Debug */ = {
			isa = XCBuildConfiguration;
			buildSettings = {
				ASSETCATALOG_COMPILER_APPICON_NAME = AppIcon;
				DEVELOPMENT_TEAM = LFLBMCNJUD;
				INFOPLIST_FILE = "IP Subnet Calculator/Info.plist";
				IPHONEOS_DEPLOYMENT_TARGET = 8.0;
				LD_RUNPATH_SEARCH_PATHS = "$(inherited) @executable_path/Frameworks";
				PRODUCT_BUNDLE_IDENTIFIER = "com.erikslovak.IP-Subnet-Calculator";
				PRODUCT_NAME = "$(TARGET_NAME)";
				SWIFT_VERSION = 3.0;
			};
			name = Debug;
		};
		03C7FEA91DD33B630026FEFF /* Release */ = {
			isa = XCBuildConfiguration;
			buildSettings = {
				ASSETCATALOG_COMPILER_APPICON_NAME = AppIcon;
				DEVELOPMENT_TEAM = LFLBMCNJUD;
				INFOPLIST_FILE = "IP Subnet Calculator/Info.plist";
				IPHONEOS_DEPLOYMENT_TARGET = 8.0;
				LD_RUNPATH_SEARCH_PATHS = "$(inherited) @executable_path/Frameworks";
				PRODUCT_BUNDLE_IDENTIFIER = "com.erikslovak.IP-Subnet-Calculator";
				PRODUCT_NAME = "$(TARGET_NAME)";
				SWIFT_VERSION = 3.0;
			};
			name = Release;
		};
/* End XCBuildConfiguration section */

/* Begin XCConfigurationList section */
		03C7FE901DD33B630026FEFF /* Build configuration list for PBXProject "IP Subnet Calculator" */ = {
			isa = XCConfigurationList;
			buildConfigurations = (
				03C7FEA51DD33B630026FEFF /* Debug */,
				03C7FEA61DD33B630026FEFF /* Release */,
			);
			defaultConfigurationIsVisible = 0;
			defaultConfigurationName = Release;
		};
		03C7FEA71DD33B630026FEFF /* Build configuration list for PBXNativeTarget "IP Subnet Calculator" */ = {
			isa = XCConfigurationList;
			buildConfigurations = (
				03C7FEA81DD33B630026FEFF /* Debug */,
				03C7FEA91DD33B630026FEFF /* Release */,
			);
			defaultConfigurationIsVisible = 0;
			defaultConfigurationName = Release;
		};
/* End XCConfigurationList section */
	};
	rootObject = 03C7FE8D1DD33B630026FEFF /* Project object */;
}
